
Microsoft Visual Studio Solution File, Format Version 12.00
# Visual Studio Version 17
VisualStudioVersion = 17.2.32519.379
MinimumVisualStudioVersion = 10.0.40219.1
Project("{FAE04EC0-301F-11D3-BF4B-00C04F79EFBC}") = "SGFCON_V1", "SGFCON_V1\SGFCON_V1.csproj", "{E13908D7-0BD4-46E9-BA16-FDB59F7FB5B7}"
EndProject
Global
	GlobalSection(SolutionConfigurationPlatforms) = preSolution
		Debug|Any CPU = Debug|Any CPU
		Release|Any CPU = Release|Any CPU
	EndGlobalSection
	GlobalSection(ProjectConfigurationPlatforms) = postSolution
		{E13908D7-0BD4-46E9-BA16-FDB59F7FB5B7}.Debug|Any CPU.ActiveCfg = Debug|Any CPU
		{E13908D7-0BD4-46E9-BA16-FDB59F7FB5B7}.Debug|Any CPU.Build.0 = Debug|Any CPU
		{E13908D7-0BD4-46E9-BA16-FDB59F7FB5B7}.Release|Any CPU.ActiveCfg = Release|Any CPU
		{E13908D7-0BD4-46E9-BA16-FDB59F7FB5B7}.Release|Any CPU.Build.0 = Release|Any CPU
	EndGlobalSection
	GlobalSection(SolutionProperties) = preSolution
		HideSolutionNode = FALSE
	EndGlobalSection
	GlobalSection(ExtensibilityGlobals) = postSolution
		SolutionGuid = {ACFB004D-CC5D-4490-B412-1C76335960C6}
	EndGlobalSection
EndGlobal
